
Microsoft Visual Studio Solution File, Format Version 11.00
# Visual Basic Express 2010
Project("{F184B08F-C81C-45F6-A57F-5ABD9991F28F}") = "GOKUBaseBall", "GOKUBaseBall\GOKUBaseBall.vbproj", "{F19EE083-969B-45E4-BB7F-ACB587398818}"
EndProject
Global
	GlobalSection(SolutionConfigurationPlatforms) = preSolution
		Debug|x86 = Debug|x86
		Release|x86 = Release|x86
	EndGlobalSection
	GlobalSection(ProjectConfigurationPlatforms) = postSolution
		{F19EE083-969B-45E4-BB7F-ACB587398818}.Debug|x86.ActiveCfg = Debug|x86
		{F19EE083-969B-45E4-BB7F-ACB587398818}.Debug|x86.Build.0 = Debug|x86
		{F19EE083-969B-45E4-BB7F-ACB587398818}.Release|x86.ActiveCfg = Release|x86
		{F19EE083-969B-45E4-BB7F-ACB587398818}.Release|x86.Build.0 = Release|x86
	EndGlobalSection
	GlobalSection(SolutionProperties) = preSolution
		HideSolutionNode = FALSE
	EndGlobalSection
EndGlobal
